
Microsoft Visual Studio Solution File, Format Version 12.00
# Visual Studio Version 16
VisualStudioVersion = 16.0.31515.178
MinimumVisualStudioVersion = 10.0.40219.1
Project("{FAE04EC0-301F-11D3-BF4B-00C04F79EFBC}") = "LR25", "LR25.csproj", "{1FFEF437-AAB8-46CE-B649-E3E91781CEED}"
EndProject
Global
	GlobalSection(SolutionConfigurationPlatforms) = preSolution
		Debug|Any CPU = Debug|Any CPU
		Release|Any CPU = Release|Any CPU
	EndGlobalSection
	GlobalSection(ProjectConfigurationPlatforms) = postSolution
		{1FFEF437-AAB8-46CE-B649-E3E91781CEED}.Debug|Any CPU.ActiveCfg = Debug|Any CPU
		{1FFEF437-AAB8-46CE-B649-E3E91781CEED}.Debug|Any CPU.Build.0 = Debug|Any CPU
		{1FFEF437-AAB8-46CE-B649-E3E91781CEED}.Release|Any CPU.ActiveCfg = Release|Any CPU
		{1FFEF437-AAB8-46CE-B649-E3E91781CEED}.Release|Any CPU.Build.0 = Release|Any CPU
	EndGlobalSection
	GlobalSection(SolutionProperties) = preSolution
		HideSolutionNode = FALSE
	EndGlobalSection
	GlobalSection(ExtensibilityGlobals) = postSolution
		SolutionGuid = {A4D71805-D876-427C-AAE8-856A9E8C44F6}
	EndGlobalSection
EndGlobal
